
Microsoft Visual Studio Solution File, Format Version 12.00
# Visual Studio Version 17
VisualStudioVersion = 17.9.34616.47
MinimumVisualStudioVersion = 10.0.40219.1
Project("{9A19103F-16F7-4668-BE54-9A1E7A4F7556}") = "CurrencyUpdater", "Services\CurrencyUpdater\CurrencyUpdater.csproj", "{24240D79-9D99-404E-B6F2-A685C62A2706}"
EndProject
Project("{2150E333-8FDC-42A3-9474-1A3956D46DE8}") = "Services", "Services", "{52545DAF-391E-46EE-85AE-0B03030EC767}"
EndProject
Project("{9A19103F-16F7-4668-BE54-9A1E7A4F7556}") = "MigrationService", "Services\MigrationService\MigrationService.csproj", "{D5AD64E3-034C-43E4-BCF5-6580A7029B9B}"
EndProject
Project("{2150E333-8FDC-42A3-9474-1A3956D46DE8}") = "UserService", "UserService", "{F4B584B8-E72F-4F8D-9314-6DD171EBB36E}"
EndProject
Project("{2150E333-8FDC-42A3-9474-1A3956D46DE8}") = "FinanceService", "FinanceService", "{B5CAD764-5D1B-4A84-9ED4-CD030183537A}"
EndProject
Project("{9A19103F-16F7-4668-BE54-9A1E7A4F7556}") = "UserService.Api", "Services\UserService\UserService.Api\UserService.Api.csproj", "{F3A50B35-E19E-4BB4-B118-503A9DD92F80}"
EndProject
Project("{9A19103F-16F7-4668-BE54-9A1E7A4F7556}") = "UserService.Tests.Unit", "Services\UserService\UserService.Tests.Unit\UserService.Tests.Unit.csproj", "{39A0DBD1-2BCB-4B28-B6E6-A976F090AD87}"
EndProject
Project("{9A19103F-16F7-4668-BE54-9A1E7A4F7556}") = "FinanceService.Api", "Services\FinanceService\Finance.Api\FinanceService.Api.csproj", "{4731DEE6-B689-43C5-9E6A-28C1159257B6}"
EndProject
Project("{9A19103F-16F7-4668-BE54-9A1E7A4F7556}") = "FinanceService.Tests.Unit", "Services\FinanceService\Finance.Tests.Unit\FinanceService.Tests.Unit.csproj", "{E748249C-0C40-4286-B003-033150104AA6}"
EndProject
Project("{9A19103F-16F7-4668-BE54-9A1E7A4F7556}") = "UserService.Domain", "Services\UserService\UserService.Domain\UserService.Domain.csproj", "{607F09EA-588E-4A8D-8871-577A45DEA865}"
EndProject
Project("{9A19103F-16F7-4668-BE54-9A1E7A4F7556}") = "UserService.Application", "Services\UserService\UserService.Application\UserService.Application.csproj", "{3C27055A-968A-4050-BB5C-6507920BC318}"
EndProject
Project("{9A19103F-16F7-4668-BE54-9A1E7A4F7556}") = "UserService.Infrastructure", "Services\UserService\UserService.Infrastructure\UserService.Infrastructure.csproj", "{C0C614E4-339D-48E9-B4B7-90C517C5C18C}"
EndProject
Project("{FAE04EC0-301F-11D3-BF4B-00C04F79EFBC}") = "FinanceService.Domain", "Services\FinanceService\FinanceService.Domain\FinanceService.Domain.csproj", "{60E17051-BA3B-49F9-BEEC-43A41D82C932}"
EndProject
Project("{FAE04EC0-301F-11D3-BF4B-00C04F79EFBC}") = "FinanceService.Infrastructure", "Services\FinanceService\FinanceService.Infrastructure\FinanceService.Infrastructure.csproj", "{B1E75C11-6EA3-4329-977A-AAB9814DAC7D}"
EndProject
Project("{9A19103F-16F7-4668-BE54-9A1E7A4F7556}") = "FinanceService.Application", "Services\FinanceService\FinanceService.Application\FinanceService.Application.csproj", "{691E7CFB-8E49-4DED-B41C-ADE3B9419850}"
EndProject
Global
	GlobalSection(SolutionConfigurationPlatforms) = preSolution
		Debug|Any CPU = Debug|Any CPU
		Release|Any CPU = Release|Any CPU
	EndGlobalSection
	GlobalSection(ProjectConfigurationPlatforms) = postSolution
		{24240D79-9D99-404E-B6F2-A685C62A2706}.Debug|Any CPU.ActiveCfg = Debug|Any CPU
		{24240D79-9D99-404E-B6F2-A685C62A2706}.Debug|Any CPU.Build.0 = Debug|Any CPU
		{24240D79-9D99-404E-B6F2-A685C62A2706}.Release|Any CPU.ActiveCfg = Release|Any CPU
		{24240D79-9D99-404E-B6F2-A685C62A2706}.Release|Any CPU.Build.0 = Release|Any CPU
		{D5AD64E3-034C-43E4-BCF5-6580A7029B9B}.Debug|Any CPU.ActiveCfg = Debug|Any CPU
		{D5AD64E3-034C-43E4-BCF5-6580A7029B9B}.Debug|Any CPU.Build.0 = Debug|Any CPU
		{D5AD64E3-034C-43E4-BCF5-6580A7029B9B}.Release|Any CPU.ActiveCfg = Release|Any CPU
		{D5AD64E3-034C-43E4-BCF5-6580A7029B9B}.Release|Any CPU.Build.0 = Release|Any CPU
		{F3A50B35-E19E-4BB4-B118-503A9DD92F80}.Debug|Any CPU.ActiveCfg = Debug|Any CPU
		{F3A50B35-E19E-4BB4-B118-503A9DD92F80}.Debug|Any CPU.Build.0 = Debug|Any CPU
		{F3A50B35-E19E-4BB4-B118-503A9DD92F80}.Release|Any CPU.ActiveCfg = Release|Any CPU
		{F3A50B35-E19E-4BB4-B118-503A9DD92F80}.Release|Any CPU.Build.0 = Release|Any CPU
		{39A0DBD1-2BCB-4B28-B6E6-A976F090AD87}.Debug|Any CPU.ActiveCfg = Debug|Any CPU
		{39A0DBD1-2BCB-4B28-B6E6-A976F090AD87}.Debug|Any CPU.Build.0 = Debug|Any CPU
		{39A0DBD1-2BCB-4B28-B6E6-A976F090AD87}.Release|Any CPU.ActiveCfg = Release|Any CPU
		{39A0DBD1-2BCB-4B28-B6E6-A976F090AD87}.Release|Any CPU.Build.0 = Release|Any CPU
		{4731DEE6-B689-43C5-9E6A-28C1159257B6}.Debug|Any CPU.ActiveCfg = Debug|Any CPU
		{4731DEE6-B689-43C5-9E6A-28C1159257B6}.Debug|Any CPU.Build.0 = Debug|Any CPU
		{4731DEE6-B689-43C5-9E6A-28C1159257B6}.Release|Any CPU.ActiveCfg = Release|Any CPU
		{4731DEE6-B689-43C5-9E6A-28C1159257B6}.Release|Any CPU.Build.0 = Release|Any CPU
		{E748249C-0C40-4286-B003-033150104AA6}.Debug|Any CPU.ActiveCfg = Debug|Any CPU
		{E748249C-0C40-4286-B003-033150104AA6}.Debug|Any CPU.Build.0 = Debug|Any CPU
		{E748249C-0C40-4286-B003-033150104AA6}.Release|Any CPU.ActiveCfg = Release|Any CPU
		{E748249C-0C40-4286-B003-033150104AA6}.Release|Any CPU.Build.0 = Release|Any CPU
		{607F09EA-588E-4A8D-8871-577A45DEA865}.Debug|Any CPU.ActiveCfg = Debug|Any CPU
		{607F09EA-588E-4A8D-8871-577A45DEA865}.Debug|Any CPU.Build.0 = Debug|Any CPU
		{607F09EA-588E-4A8D-8871-577A45DEA865}.Release|Any CPU.ActiveCfg = Release|Any CPU
		{607F09EA-588E-4A8D-8871-577A45DEA865}.Release|Any CPU.Build.0 = Release|Any CPU
		{3C27055A-968A-4050-BB5C-6507920BC318}.Debug|Any CPU.ActiveCfg = Debug|Any CPU
		{3C27055A-968A-4050-BB5C-6507920BC318}.Debug|Any CPU.Build.0 = Debug|Any CPU
		{3C27055A-968A-4050-BB5C-6507920BC318}.Release|Any CPU.ActiveCfg = Release|Any CPU
		{3C27055A-968A-4050-BB5C-6507920BC318}.Release|Any CPU.Build.0 = Release|Any CPU
		{C0C614E4-339D-48E9-B4B7-90C517C5C18C}.Debug|Any CPU.ActiveCfg = Debug|Any CPU
		{C0C614E4-339D-48E9-B4B7-90C517C5C18C}.Debug|Any CPU.Build.0 = Debug|Any CPU
		{C0C614E4-339D-48E9-B4B7-90C517C5C18C}.Release|Any CPU.ActiveCfg = Release|Any CPU
		{C0C614E4-339D-48E9-B4B7-90C517C5C18C}.Release|Any CPU.Build.0 = Release|Any CPU
		{60E17051-BA3B-49F9-BEEC-43A41D82C932}.Debug|Any CPU.ActiveCfg = Debug|Any CPU
		{60E17051-BA3B-49F9-BEEC-43A41D82C932}.Debug|Any CPU.Build.0 = Debug|Any CPU
		{60E17051-BA3B-49F9-BEEC-43A41D82C932}.Release|Any CPU.ActiveCfg = Release|Any CPU
		{60E17051-BA3B-49F9-BEEC-43A41D82C932}.Release|Any CPU.Build.0 = Release|Any CPU
		{B1E75C11-6EA3-4329-977A-AAB9814DAC7D}.Debug|Any CPU.ActiveCfg = Debug|Any CPU
		{B1E75C11-6EA3-4329-977A-AAB9814DAC7D}.Debug|Any CPU.Build.0 = Debug|Any CPU
		{B1E75C11-6EA3-4329-977A-AAB9814DAC7D}.Release|Any CPU.ActiveCfg = Release|Any CPU
		{B1E75C11-6EA3-4329-977A-AAB9814DAC7D}.Release|Any CPU.Build.0 = Release|Any CPU
		{691E7CFB-8E49-4DED-B41C-ADE3B9419850}.Debug|Any CPU.ActiveCfg = Debug|Any CPU
		{691E7CFB-8E49-4DED-B41C-ADE3B9419850}.Debug|Any CPU.Build.0 = Debug|Any CPU
		{691E7CFB-8E49-4DED-B41C-ADE3B9419850}.Release|Any CPU.ActiveCfg = Release|Any CPU
		{691E7CFB-8E49-4DED-B41C-ADE3B9419850}.Release|Any CPU.Build.0 = Release|Any CPU
	EndGlobalSection
	GlobalSection(SolutionProperties) = preSolution
		HideSolutionNode = FALSE
	EndGlobalSection
	GlobalSection(NestedProjects) = preSolution
		{24240D79-9D99-404E-B6F2-A685C62A2706} = {52545DAF-391E-46EE-85AE-0B03030EC767}
		{D5AD64E3-034C-43E4-BCF5-6580A7029B9B} = {52545DAF-391E-46EE-85AE-0B03030EC767}
		{F4B584B8-E72F-4F8D-9314-6DD171EBB36E} = {52545DAF-391E-46EE-85AE-0B03030EC767}
		{B5CAD764-5D1B-4A84-9ED4-CD030183537A} = {52545DAF-391E-46EE-85AE-0B03030EC767}
		{F3A50B35-E19E-4BB4-B118-503A9DD92F80} = {F4B584B8-E72F-4F8D-9314-6DD171EBB36E}
		{39A0DBD1-2BCB-4B28-B6E6-A976F090AD87} = {F4B584B8-E72F-4F8D-9314-6DD171EBB36E}
		{4731DEE6-B689-43C5-9E6A-28C1159257B6} = {B5CAD764-5D1B-4A84-9ED4-CD030183537A}
		{E748249C-0C40-4286-B003-033150104AA6} = {B5CAD764-5D1B-4A84-9ED4-CD030183537A}
		{607F09EA-588E-4A8D-8871-577A45DEA865} = {F4B584B8-E72F-4F8D-9314-6DD171EBB36E}
		{3C27055A-968A-4050-BB5C-6507920BC318} = {F4B584B8-E72F-4F8D-9314-6DD171EBB36E}
		{C0C614E4-339D-48E9-B4B7-90C517C5C18C} = {F4B584B8-E72F-4F8D-9314-6DD171EBB36E}
		{60E17051-BA3B-49F9-BEEC-43A41D82C932} = {B5CAD764-5D1B-4A84-9ED4-CD030183537A}
		{B1E75C11-6EA3-4329-977A-AAB9814DAC7D} = {B5CAD764-5D1B-4A84-9ED4-CD030183537A}
		{691E7CFB-8E49-4DED-B41C-ADE3B9419850} = {B5CAD764-5D1B-4A84-9ED4-CD030183537A}
	EndGlobalSection
	GlobalSection(ExtensibilityGlobals) = postSolution
		SolutionGuid = {8E66D1FF-FF88-4B67-8E6E-305513582168}
	EndGlobalSection
EndGlobal
