
Microsoft Visual Studio Solution File, Format Version 12.00
# Visual Studio Version 17
VisualStudioVersion = 17.9.34616.47
MinimumVisualStudioVersion = 10.0.40219.1
Project("{FAE04EC0-301F-11D3-BF4B-00C04F79EFBC}") = "MigrationService", "MigrationService.csproj", "{2E9EF38A-19B2-40CC-809E-C3D59B4C22A6}"
EndProject
Global
	GlobalSection(SolutionConfigurationPlatforms) = preSolution
		Debug|Any CPU = Debug|Any CPU
		Release|Any CPU = Release|Any CPU
	EndGlobalSection
	GlobalSection(ProjectConfigurationPlatforms) = postSolution
		{2E9EF38A-19B2-40CC-809E-C3D59B4C22A6}.Debug|Any CPU.ActiveCfg = Debug|Any CPU
		{2E9EF38A-19B2-40CC-809E-C3D59B4C22A6}.Debug|Any CPU.Build.0 = Debug|Any CPU
		{2E9EF38A-19B2-40CC-809E-C3D59B4C22A6}.Release|Any CPU.ActiveCfg = Release|Any CPU
		{2E9EF38A-19B2-40CC-809E-C3D59B4C22A6}.Release|Any CPU.Build.0 = Release|Any CPU
	EndGlobalSection
	GlobalSection(SolutionProperties) = preSolution
		HideSolutionNode = FALSE
	EndGlobalSection
	GlobalSection(ExtensibilityGlobals) = postSolution
		SolutionGuid = {D817BB9F-55AB-4A48-AA8A-A71380D87508}
	EndGlobalSection
EndGlobal
